PODS:
  - KeychainSwift (16.0.1)

DEPENDENCIES:
  - KeychainSwift (~> 16.0)

SPEC REPOS:
  https://github.com/cocoapods/specs.git:
    - KeychainSwift

SPEC CHECKSUMS:
  KeychainSwift: 4209611373ca4a098e09b1e547eebd87c544dcc4

PODFILE CHECKSUM: 74f9d47deaca33893fbc61b325959288a0e78ef7

COCOAPODS: 1.6.1
