// !$*UTF8*$!
{
	archiveVersion = 1;
	classes = {
	};
	objectVersion = 46;
	objects = {

/* Begin PBXBuildFile section */
		7AD78E3A1F3CD16A008129E8 /* AppDelegate.swift in Sources */ = {isa = PBXBuildFile; fileRef = 7AD78E391F3CD16A008129E8 /* AppDelegate.swift */; };
		7AD78E411F3CD16A008129E8 /* Assets.xcassets in Resources */ = {isa = PBXBuildFile; fileRef = 7AD78E401F3CD16A008129E8 /* Assets.xcassets */; };
		7AD78E441F3CD16A008129E8 /* LaunchScreen.storyboard in Resources */ = {isa = PBXBuildFile; fileRef = 7AD78E421F3CD16A008129E8 /* LaunchScreen.storyboard */; };
		7AD78E4D1F3CD86B008129E8 /* LoginViewController.swift in Sources */ = {isa = PBXBuildFile; fileRef = 7AD78E4B1F3CD86B008129E8 /* LoginViewController.swift */; };
		7AD78E4E1F3CD86B008129E8 /* LoginViewController.xib in Resources */ = {isa = PBXBuildFile; fileRef = 7AD78E4C1F3CD86B008129E8 /* LoginViewController.xib */; };
		7AD78E561F532EA9008129E8 /* ResponderRevealingScrollView.swift in Sources */ = {isa = PBXBuildFile; fileRef = 7AD78E551F532EA9008129E8 /* ResponderRevealingScrollView.swift */; };
		7AD78E591F5339D9008129E8 /* NetworkService.swift in Sources */ = {isa = PBXBuildFile; fileRef = 7AD78E581F5339D9008129E8 /* NetworkService.swift */; };
		7AD78E5B1F533A35008129E8 /* Authentication.swift in Sources */ = {isa = PBXBuildFile; fileRef = 7AD78E5A1F533A35008129E8 /* Authentication.swift */; };
		7AD78E5D1F533A90008129E8 /* MainViewModel.swift in Sources */ = {isa = PBXBuildFile; fileRef = 7AD78E5C1F533A90008129E8 /* MainViewModel.swift */; };
		7AD78E5F1F535EF3008129E8 /* Constants.swift in Sources */ = {isa = PBXBuildFile; fileRef = 7AD78E5E1F535EF3008129E8 /* Constants.swift */; };
		7AD78E621F536546008129E8 /* LoadingViewController.swift in Sources */ = {isa = PBXBuildFile; fileRef = 7AD78E601F536546008129E8 /* LoadingViewController.swift */; };
		7AD78E631F536546008129E8 /* LoadingViewController.xib in Resources */ = {isa = PBXBuildFile; fileRef = 7AD78E611F536546008129E8 /* LoadingViewController.xib */; };
/* End PBXBuildFile section */

/* Begin PBXFileReference section */
		7AD78E361F3CD16A008129E8 /* ios-party.app */ = {isa = PBXFileReference; explicitFileType = wrapper.application; includeInIndex = 0; path = "ios-party.app"; sourceTree = BUILT_PRODUCTS_DIR; };
		7AD78E391F3CD16A008129E8 /* AppDelegate.swift */ = {isa = PBXFileReference; lastKnownFileType = sourcecode.swift; path = AppDelegate.swift; sourceTree = "<group>"; };
		7AD78E401F3CD16A008129E8 /* Assets.xcassets */ = {isa = PBXFileReference; lastKnownFileType = folder.assetcatalog; path = Assets.xcassets; sourceTree = "<group>"; };
		7AD78E431F3CD16A008129E8 /* Base */ = {isa = PBXFileReference; lastKnownFileType = file.storyboard; name = Base; path = Base.lproj/LaunchScreen.storyboard; sourceTree = "<group>"; };
		7AD78E451F3CD16A008129E8 /* Info.plist */ = {isa = PBXFileReference; lastKnownFileType = text.plist.xml; path = Info.plist; sourceTree = "<group>"; };
		7AD78E4B1F3CD86B008129E8 /* LoginViewController.swift */ = {isa = PBXFileReference; fileEncoding = 4; lastKnownFileType = sourcecode.swift; path = LoginViewController.swift; sourceTree = "<group>"; };
		7AD78E4C1F3CD86B008129E8 /* LoginViewController.xib */ = {isa = PBXFileReference; fileEncoding = 4; lastKnownFileType = file.xib; path = LoginViewController.xib; sourceTree = "<group>"; };
		7AD78E551F532EA9008129E8 /* ResponderRevealingScrollView.swift */ = {isa = PBXFileReference; fileEncoding = 4; lastKnownFileType = sourcecode.swift; path = ResponderRevealingScrollView.swift; sourceTree = "<group>"; };
		7AD78E581F5339D9008129E8 /* NetworkService.swift */ = {isa = PBXFileReference; fileEncoding = 4; lastKnownFileType = sourcecode.swift; path = NetworkService.swift; sourceTree = "<group>"; };
		7AD78E5A1F533A35008129E8 /* Authentication.swift */ = {isa = PBXFileReference; fileEncoding = 4; lastKnownFileType = sourcecode.swift; path = Authentication.swift; sourceTree = "<group>"; };
		7AD78E5C1F533A90008129E8 /* MainViewModel.swift */ = {isa = PBXFileReference; fileEncoding = 4; lastKnownFileType = sourcecode.swift; path = MainViewModel.swift; sourceTree = "<group>"; };
		7AD78E5E1F535EF3008129E8 /* Constants.swift */ = {isa = PBXFileReference; fileEncoding = 4; lastKnownFileType = sourcecode.swift; path = Constants.swift; sourceTree = "<group>"; };
		7AD78E601F536546008129E8 /* LoadingViewController.swift */ = {isa = PBXFileReference; fileEncoding = 4; lastKnownFileType = sourcecode.swift; path = LoadingViewController.swift; sourceTree = "<group>"; };
		7AD78E611F536546008129E8 /* LoadingViewController.xib */ = {isa = PBXFileReference; fileEncoding = 4; lastKnownFileType = file.xib; path = LoadingViewController.xib; sourceTree = "<group>"; };
/* End PBXFileReference section */

/* Begin PBXFrameworksBuildPhase section */
		7AD78E331F3CD16A008129E8 /* Frameworks */ = {
			isa = PBXFrameworksBuildPhase;
			buildActionMask = 2147483647;
			files = (
			);
			runOnlyForDeploymentPostprocessing = 0;
		};
/* End PBXFrameworksBuildPhase section */

/* Begin PBXGroup section */
		7AD78E2D1F3CD16A008129E8 = {
			isa = PBXGroup;
			children = (
				7AD78E381F3CD16A008129E8 /* ios-party */,
				7AD78E371F3CD16A008129E8 /* Products */,
			);
			sourceTree = "<group>";
		};
		7AD78E371F3CD16A008129E8 /* Products */ = {
			isa = PBXGroup;
			children = (
				7AD78E361F3CD16A008129E8 /* ios-party.app */,
			);
			name = Products;
			sourceTree = "<group>";
		};
		7AD78E381F3CD16A008129E8 /* ios-party */ = {
			isa = PBXGroup;
			children = (
				7AD78E571F533995008129E8 /* Networking */,
				7AD78E541F532E61008129E8 /* Components */,
				7AD78E531F532E50008129E8 /* View Controllers */,
				7AD78E391F3CD16A008129E8 /* AppDelegate.swift */,
				7AD78E401F3CD16A008129E8 /* Assets.xcassets */,
				7AD78E421F3CD16A008129E8 /* LaunchScreen.storyboard */,
				7AD78E451F3CD16A008129E8 /* Info.plist */,
				7AD78E5E1F535EF3008129E8 /* Constants.swift */,
			);
			path = "ios-party";
			sourceTree = "<group>";
		};
		7AD78E531F532E50008129E8 /* View Controllers */ = {
			isa = PBXGroup;
			children = (
				7AD78E4B1F3CD86B008129E8 /* LoginViewController.swift */,
				7AD78E4C1F3CD86B008129E8 /* LoginViewController.xib */,
				7AD78E601F536546008129E8 /* LoadingViewController.swift */,
				7AD78E611F536546008129E8 /* LoadingViewController.xib */,
			);
			name = "View Controllers";
			sourceTree = "<group>";
		};
		7AD78E541F532E61008129E8 /* Components */ = {
			isa = PBXGroup;
			children = (
				7AD78E551F532EA9008129E8 /* ResponderRevealingScrollView.swift */,
			);
			name = Components;
			sourceTree = "<group>";
		};
		7AD78E571F533995008129E8 /* Networking */ = {
			isa = PBXGroup;
			children = (
				7AD78E581F5339D9008129E8 /* NetworkService.swift */,
				7AD78E5A1F533A35008129E8 /* Authentication.swift */,
				7AD78E5C1F533A90008129E8 /* MainViewModel.swift */,
			);
			name = Networking;
			sourceTree = "<group>";
		};
/* End PBXGroup section */

/* Begin PBXNativeTarget section */
		7AD78E351F3CD16A008129E8 /* ios-party */ = {
			isa = PBXNativeTarget;
			buildConfigurationList = 7AD78E481F3CD16A008129E8 /* Build configuration list for PBXNativeTarget "ios-party" */;
			buildPhases = (
				7AD78E321F3CD16A008129E8 /* Sources */,
				7AD78E331F3CD16A008129E8 /* Frameworks */,
				7AD78E341F3CD16A008129E8 /* Resources */,
			);
			buildRules = (
			);
			dependencies = (
			);
			name = "ios-party";
			productName = "ios-party";
			productReference = 7AD78E361F3CD16A008129E8 /* ios-party.app */;
			productType = "com.apple.product-type.application";
		};
/* End PBXNativeTarget section */

/* Begin PBXProject section */
		7AD78E2E1F3CD16A008129E8 /* Project object */ = {
			isa = PBXProject;
			attributes = {
				LastSwiftUpdateCheck = 0830;
				LastUpgradeCheck = 0830;
				ORGANIZATIONNAME = Adomas;
				TargetAttributes = {
					7AD78E351F3CD16A008129E8 = {
						CreatedOnToolsVersion = 8.3.2;
						DevelopmentTeam = TG7VM3Z879;
						ProvisioningStyle = Automatic;
					};
				};
			};
			buildConfigurationList = 7AD78E311F3CD16A008129E8 /* Build configuration list for PBXProject "ios-party" */;
			compatibilityVersion = "Xcode 3.2";
			developmentRegion = English;
			hasScannedForEncodings = 0;
			knownRegions = (
				en,
				Base,
			);
			mainGroup = 7AD78E2D1F3CD16A008129E8;
			productRefGroup = 7AD78E371F3CD16A008129E8 /* Products */;
			projectDirPath = "";
			projectRoot = "";
			targets = (
				7AD78E351F3CD16A008129E8 /* ios-party */,
			);
		};
/* End PBXProject section */

/* Begin PBXResourcesBuildPhase section */
		7AD78E341F3CD16A008129E8 /* Resources */ = {
			isa = PBXResourcesBuildPhase;
			buildActionMask = 2147483647;
			files = (
				7AD78E441F3CD16A008129E8 /* LaunchScreen.storyboard in Resources */,
				7AD78E4E1F3CD86B008129E8 /* LoginViewController.xib in Resources */,
				7AD78E411F3CD16A008129E8 /* Assets.xcassets in Resources */,
				7AD78E631F536546008129E8 /* LoadingViewController.xib in Resources */,
			);
			runOnlyForDeploymentPostprocessing = 0;
		};
/* End PBXResourcesBuildPhase section */

/* Begin PBXSourcesBuildPhase section */
		7AD78E321F3CD16A008129E8 /* Sources */ = {
			isa = PBXSourcesBuildPhase;
			buildActionMask = 2147483647;
			files = (
				7AD78E561F532EA9008129E8 /* ResponderRevealingScrollView.swift in Sources */,
				7AD78E4D1F3CD86B008129E8 /* LoginViewController.swift in Sources */,
				7AD78E3A1F3CD16A008129E8 /* AppDelegate.swift in Sources */,
				7AD78E621F536546008129E8 /* LoadingViewController.swift in Sources */,
				7AD78E5B1F533A35008129E8 /* Authentication.swift in Sources */,
				7AD78E5F1F535EF3008129E8 /* Constants.swift in Sources */,
				7AD78E591F5339D9008129E8 /* NetworkService.swift in Sources */,
				7AD78E5D1F533A90008129E8 /* MainViewModel.swift in Sources */,
			);
			runOnlyForDeploymentPostprocessing = 0;
		};
/* End PBXSourcesBuildPhase section */

/* Begin PBXVariantGroup section */
		7AD78E421F3CD16A008129E8 /* LaunchScreen.storyboard */ = {
			isa = PBXVariantGroup;
			children = (
				7AD78E431F3CD16A008129E8 /* Base */,
			);
			name = LaunchScreen.storyboard;
			sourceTree = "<group>";
		};
/* End PBXVariantGroup section */

/* Begin XCBuildConfiguration section */
		7AD78E461F3CD16A008129E8 /* Debug */ = {
			isa = XCBuildConfiguration;
			buildSettings = {
				ALWAYS_SEARCH_USER_PATHS = NO;
				CLANG_ANALYZER_NONNULL = YES;
				CLANG_ANALYZER_NUMBER_OBJECT_CONVERSION = YES_AGGRESSIVE;
				CLANG_CXX_LANGUAGE_STANDARD = "gnu++0x";
				CLANG_CXX_LIBRARY = "libc++";
				CLANG_ENABLE_MODULES = YES;
				CLANG_ENABLE_OBJC_ARC = YES;
				CLANG_WARN_BOOL_CONVERSION = YES;
				CLANG_WARN_CONSTANT_CONVERSION = YES;
				CLANG_WARN_DIRECT_OBJC_ISA_USAGE = YES_ERROR;
				CLANG_WARN_DOCUMENTATION_COMMENTS = YES;
				CLANG_WARN_EMPTY_BODY = YES;
				CLANG_WARN_ENUM_CONVERSION = YES;
				CLANG_WARN_INFINITE_RECURSION = YES;
				CLANG_WARN_INT_CONVERSION = YES;
				CLANG_WARN_OBJC_ROOT_CLASS = YES_ERROR;
				CLANG_WARN_SUSPICIOUS_MOVE = YES;
				CLANG_WARN_UNREACHABLE_CODE = YES;
				CLANG_WARN__DUPLICATE_METHOD_MATCH = YES;
				"CODE_SIGN_IDENTITY[sdk=iphoneos*]" = "iPhone Developer";
				COPY_PHASE_STRIP = NO;
				DEBUG_INFORMATION_FORMAT = dwarf;
				ENABLE_STRICT_OBJC_MSGSEND = YES;
				ENABLE_TESTABILITY = YES;
				GCC_C_LANGUAGE_STANDARD = gnu99;
				GCC_DYNAMIC_NO_PIC = NO;
				GCC_NO_COMMON_BLOCKS = YES;
				GCC_OPTIMIZATION_LEVEL = 0;
				GCC_PREPROCESSOR_DEFINITIONS = (
					"DEBUG=1",
					"$(inherited)",
				);
				GCC_WARN_64_TO_32_BIT_CONVERSION = YES;
				GCC_WARN_ABOUT_RETURN_TYPE = YES_ERROR;
				GCC_WARN_UNDECLARED_SELECTOR = YES;
				GCC_WARN_UNINITIALIZED_AUTOS = YES_AGGRESSIVE;
				GCC_WARN_UNUSED_FUNCTION = YES;
				GCC_WARN_UNUSED_VARIABLE = YES;
				IPHONEOS_DEPLOYMENT_TARGET = 10.3;
				MTL_ENABLE_DEBUG_INFO = YES;
				ONLY_ACTIVE_ARCH = YES;
				SDKROOT = iphoneos;
				SWIFT_ACTIVE_COMPILATION_CONDITIONS = DEBUG;
				SWIFT_OPTIMIZATION_LEVEL = "-Onone";
			};
			name = Debug;
		};
		7AD78E471F3CD16A008129E8 /* Release */ = {
			isa = XCBuildConfiguration;
			buildSettings = {
				ALWAYS_SEARCH_USER_PATHS = NO;
				CLANG_ANALYZER_NONNULL = YES;
				CLANG_ANALYZER_NUMBER_OBJECT_CONVERSION = YES_AGGRESSIVE;
				CLANG_CXX_LANGUAGE_STANDARD = "gnu++0x";
				CLANG_CXX_LIBRARY = "libc++";
				CLANG_ENABLE_MODULES = YES;
				CLANG_ENABLE_OBJC_ARC = YES;
				CLANG_WARN_BOOL_CONVERSION = YES;
				CLANG_WARN_CONSTANT_CONVERSION = YES;
				CLANG_WARN_DIRECT_OBJC_ISA_USAGE = YES_ERROR;
				CLANG_WARN_DOCUMENTATION_COMMENTS = YES;
				CLANG_WARN_EMPTY_BODY = YES;
				CLANG_WARN_ENUM_CONVERSION = YES;
				CLANG_WARN_INFINITE_RECURSION = YES;
				CLANG_WARN_INT_CONVERSION = YES;
				CLANG_WARN_OBJC_ROOT_CLASS = YES_ERROR;
				CLANG_WARN_SUSPICIOUS_MOVE = YES;
				CLANG_WARN_UNREACHABLE_CODE = YES;
				CLANG_WARN__DUPLICATE_METHOD_MATCH = YES;
				"CODE_SIGN_IDENTITY[sdk=iphoneos*]" = "iPhone Developer";
				COPY_PHASE_STRIP = NO;
				DEBUG_INFORMATION_FORMAT = "dwarf-with-dsym";
				ENABLE_NS_ASSERTIONS = NO;
				ENABLE_STRICT_OBJC_MSGSEND = YES;
				GCC_C_LANGUAGE_STANDARD = gnu99;
				GCC_NO_COMMON_BLOCKS = YES;
				GCC_WARN_64_TO_32_BIT_CONVERSION = YES;
				GCC_WARN_ABOUT_RETURN_TYPE = YES_ERROR;
				GCC_WARN_UNDECLARED_SELECTOR = YES;
				GCC_WARN_UNINITIALIZED_AUTOS = YES_AGGRESSIVE;
				GCC_WARN_UNUSED_FUNCTION = YES;
				GCC_WARN_UNUSED_VARIABLE = YES;
				IPHONEOS_DEPLOYMENT_TARGET = 10.3;
				MTL_ENABLE_DEBUG_INFO = NO;
				SDKROOT = iphoneos;
				SWIFT_OPTIMIZATION_LEVEL = "-Owholemodule";
				VALIDATE_PRODUCT = YES;
			};
			name = Release;
		};
		7AD78E491F3CD16A008129E8 /* Debug */ = {
			isa = XCBuildConfiguration;
			buildSettings = {
				ASSETCATALOG_COMPILER_APPICON_NAME = AppIcon;
				DEVELOPMENT_TEAM = TG7VM3Z879;
				INFOPLIST_FILE = "ios-party/Info.plist";
				LD_RUNPATH_SEARCH_PATHS = "$(inherited) @executable_path/Frameworks";
				PRODUCT_BUNDLE_IDENTIFIER = "com.adomasnosalis.ios-party";
				PRODUCT_NAME = "$(TARGET_NAME)";
				SWIFT_VERSION = 3.0;
				TARGETED_DEVICE_FAMILY = 1;
			};
			name = Debug;
		};
		7AD78E4A1F3CD16A008129E8 /* Release */ = {
			isa = XCBuildConfiguration;
			buildSettings = {
				ASSETCATALOG_COMPILER_APPICON_NAME = AppIcon;
				DEVELOPMENT_TEAM = TG7VM3Z879;
				INFOPLIST_FILE = "ios-party/Info.plist";
				LD_RUNPATH_SEARCH_PATHS = "$(inherited) @executable_path/Frameworks";
				PRODUCT_BUNDLE_IDENTIFIER = "com.adomasnosalis.ios-party";
				PRODUCT_NAME = "$(TARGET_NAME)";
				SWIFT_VERSION = 3.0;
				TARGETED_DEVICE_FAMILY = 1;
			};
			name = Release;
		};
/* End XCBuildConfiguration section */

/* Begin XCConfigurationList section */
		7AD78E311F3CD16A008129E8 /* Build configuration list for PBXProject "ios-party" */ = {
			isa = XCConfigurationList;
			buildConfigurations = (
				7AD78E461F3CD16A008129E8 /* Debug */,
				7AD78E471F3CD16A008129E8 /* Release */,
			);
			defaultConfigurationIsVisible = 0;
			defaultConfigurationName = Release;
		};
		7AD78E481F3CD16A008129E8 /* Build configuration list for PBXNativeTarget "ios-party" */ = {
			isa = XCConfigurationList;
			buildConfigurations = (
				7AD78E491F3CD16A008129E8 /* Debug */,
				7AD78E4A1F3CD16A008129E8 /* Release */,
			);
			defaultConfigurationIsVisible = 0;
			defaultConfigurationName = Release;
		};
/* End XCConfigurationList section */
	};
	rootObject = 7AD78E2E1F3CD16A008129E8 /* Project object */;
}
