// !$*UTF8*$!
{
	archiveVersion = 1;
	classes = {
	};
	objectVersion = 50;
	objects = {

/* Begin PBXBuildFile section */
		01660ABC2626DA68002A1D61 /* AppDelegate.swift in Sources */ = {isa = PBXBuildFile; fileRef = 01660ABB2626DA68002A1D61 /* AppDelegate.swift */; };
		01660ABE2626DA68002A1D61 /* SceneDelegate.swift in Sources */ = {isa = PBXBuildFile; fileRef = 01660ABD2626DA68002A1D61 /* SceneDelegate.swift */; };
		01660AC02626DA68002A1D61 /* ViewController.swift in Sources */ = {isa = PBXBuildFile; fileRef = 01660ABF2626DA68002A1D61 /* ViewController.swift */; };
		01660AC32626DA68002A1D61 /* Main.storyboard in Resources */ = {isa = PBXBuildFile; fileRef = 01660AC12626DA68002A1D61 /* Main.storyboard */; };
		01660AC52626DA6B002A1D61 /* Assets.xcassets in Resources */ = {isa = PBXBuildFile; fileRef = 01660AC42626DA6B002A1D61 /* Assets.xcassets */; };
		01660AC82626DA6B002A1D61 /* LaunchScreen.storyboard in Resources */ = {isa = PBXBuildFile; fileRef = 01660AC62626DA6B002A1D61 /* LaunchScreen.storyboard */; };
		01660AD32626DA6B002A1D61 /* ServersTests.swift in Sources */ = {isa = PBXBuildFile; fileRef = 01660AD22626DA6B002A1D61 /* ServersTests.swift */; };
		01660ADE2626DA6B002A1D61 /* ServersUITests.swift in Sources */ = {isa = PBXBuildFile; fileRef = 01660ADD2626DA6B002A1D61 /* ServersUITests.swift */; };
/* End PBXBuildFile section */

/* Begin PBXContainerItemProxy section */
		01660ACF2626DA6B002A1D61 /* PBXContainerItemProxy */ = {
			isa = PBXContainerItemProxy;
			containerPortal = 01660AB02626DA68002A1D61 /* Project object */;
			proxyType = 1;
			remoteGlobalIDString = 01660AB72626DA68002A1D61;
			remoteInfo = Servers;
		};
		01660ADA2626DA6B002A1D61 /* PBXContainerItemProxy */ = {
			isa = PBXContainerItemProxy;
			containerPortal = 01660AB02626DA68002A1D61 /* Project object */;
			proxyType = 1;
			remoteGlobalIDString = 01660AB72626DA68002A1D61;
			remoteInfo = Servers;
		};
/* End PBXContainerItemProxy section */

/* Begin PBXFileReference section */
		01660AB82626DA68002A1D61 /* Servers.app */ = {isa = PBXFileReference; explicitFileType = wrapper.application; includeInIndex = 0; path = Servers.app; sourceTree = BUILT_PRODUCTS_DIR; };
		01660ABB2626DA68002A1D61 /* AppDelegate.swift */ = {isa = PBXFileReference; lastKnownFileType = sourcecode.swift; path = AppDelegate.swift; sourceTree = "<group>"; };
		01660ABD2626DA68002A1D61 /* SceneDelegate.swift */ = {isa = PBXFileReference; lastKnownFileType = sourcecode.swift; path = SceneDelegate.swift; sourceTree = "<group>"; };
		01660ABF2626DA68002A1D61 /* ViewController.swift */ = {isa = PBXFileReference; lastKnownFileType = sourcecode.swift; path = ViewController.swift; sourceTree = "<group>"; };
		01660AC22626DA68002A1D61 /* Base */ = {isa = PBXFileReference; lastKnownFileType = file.storyboard; name = Base; path = Base.lproj/Main.storyboard; sourceTree = "<group>"; };
		01660AC42626DA6B002A1D61 /* Assets.xcassets */ = {isa = PBXFileReference; lastKnownFileType = folder.assetcatalog; path = Assets.xcassets; sourceTree = "<group>"; };
		01660AC72626DA6B002A1D61 /* Base */ = {isa = PBXFileReference; lastKnownFileType = file.storyboard; name = Base; path = Base.lproj/LaunchScreen.storyboard; sourceTree = "<group>"; };
		01660AC92626DA6B002A1D61 /* Info.plist */ = {isa = PBXFileReference; lastKnownFileType = text.plist.xml; path = Info.plist; sourceTree = "<group>"; };
		01660ACE2626DA6B002A1D61 /* ServersTests.xctest */ = {isa = PBXFileReference; explicitFileType = wrapper.cfbundle; includeInIndex = 0; path = ServersTests.xctest; sourceTree = BUILT_PRODUCTS_DIR; };
		01660AD22626DA6B002A1D61 /* ServersTests.swift */ = {isa = PBXFileReference; lastKnownFileType = sourcecode.swift; path = ServersTests.swift; sourceTree = "<group>"; };
		01660AD42626DA6B002A1D61 /* Info.plist */ = {isa = PBXFileReference; lastKnownFileType = text.plist.xml; path = Info.plist; sourceTree = "<group>"; };
		01660AD92626DA6B002A1D61 /* ServersUITests.xctest */ = {isa = PBXFileReference; explicitFileType = wrapper.cfbundle; includeInIndex = 0; path = ServersUITests.xctest; sourceTree = BUILT_PRODUCTS_DIR; };
		01660ADD2626DA6B002A1D61 /* ServersUITests.swift */ = {isa = PBXFileReference; lastKnownFileType = sourcecode.swift; path = ServersUITests.swift; sourceTree = "<group>"; };
		01660ADF2626DA6B002A1D61 /* Info.plist */ = {isa = PBXFileReference; lastKnownFileType = text.plist.xml; path = Info.plist; sourceTree = "<group>"; };
/* End PBXFileReference section */

/* Begin PBXFrameworksBuildPhase section */
		01660AB52626DA68002A1D61 /* Frameworks */ = {
			isa = PBXFrameworksBuildPhase;
			buildActionMask = 2147483647;
			files = (
			);
			runOnlyForDeploymentPostprocessing = 0;
		};
		01660ACB2626DA6B002A1D61 /* Frameworks */ = {
			isa = PBXFrameworksBuildPhase;
			buildActionMask = 2147483647;
			files = (
			);
			runOnlyForDeploymentPostprocessing = 0;
		};
		01660AD62626DA6B002A1D61 /* Frameworks */ = {
			isa = PBXFrameworksBuildPhase;
			buildActionMask = 2147483647;
			files = (
			);
			runOnlyForDeploymentPostprocessing = 0;
		};
/* End PBXFrameworksBuildPhase section */

/* Begin PBXGroup section */
		01660AAF2626DA68002A1D61 = {
			isa = PBXGroup;
			children = (
				01660ABA2626DA68002A1D61 /* Servers */,
				01660AD12626DA6B002A1D61 /* ServersTests */,
				01660ADC2626DA6B002A1D61 /* ServersUITests */,
				01660AB92626DA68002A1D61 /* Products */,
			);
			sourceTree = "<group>";
		};
		01660AB92626DA68002A1D61 /* Products */ = {
			isa = PBXGroup;
			children = (
				01660AB82626DA68002A1D61 /* Servers.app */,
				01660ACE2626DA6B002A1D61 /* ServersTests.xctest */,
				01660AD92626DA6B002A1D61 /* ServersUITests.xctest */,
			);
			name = Products;
			sourceTree = "<group>";
		};
		01660ABA2626DA68002A1D61 /* Servers */ = {
			isa = PBXGroup;
			children = (
				01660ABB2626DA68002A1D61 /* AppDelegate.swift */,
				01660ABD2626DA68002A1D61 /* SceneDelegate.swift */,
				01660ABF2626DA68002A1D61 /* ViewController.swift */,
				01660AC12626DA68002A1D61 /* Main.storyboard */,
				01660AC42626DA6B002A1D61 /* Assets.xcassets */,
				01660AC62626DA6B002A1D61 /* LaunchScreen.storyboard */,
				01660AC92626DA6B002A1D61 /* Info.plist */,
			);
			path = Servers;
			sourceTree = "<group>";
		};
		01660AD12626DA6B002A1D61 /* ServersTests */ = {
			isa = PBXGroup;
			children = (
				01660AD22626DA6B002A1D61 /* ServersTests.swift */,
				01660AD42626DA6B002A1D61 /* Info.plist */,
			);
			path = ServersTests;
			sourceTree = "<group>";
		};
		01660ADC2626DA6B002A1D61 /* ServersUITests */ = {
			isa = PBXGroup;
			children = (
				01660ADD2626DA6B002A1D61 /* ServersUITests.swift */,
				01660ADF2626DA6B002A1D61 /* Info.plist */,
			);
			path = ServersUITests;
			sourceTree = "<group>";
		};
/* End PBXGroup section */

/* Begin PBXNativeTarget section */
		01660AB72626DA68002A1D61 /* Servers */ = {
			isa = PBXNativeTarget;
			buildConfigurationList = 01660AE22626DA6B002A1D61 /* Build configuration list for PBXNativeTarget "Servers" */;
			buildPhases = (
				01660AB42626DA68002A1D61 /* Sources */,
				01660AB52626DA68002A1D61 /* Frameworks */,
				01660AB62626DA68002A1D61 /* Resources */,
			);
			buildRules = (
			);
			dependencies = (
			);
			name = Servers;
			productName = Servers;
			productReference = 01660AB82626DA68002A1D61 /* Servers.app */;
			productType = "com.apple.product-type.application";
		};
		01660ACD2626DA6B002A1D61 /* ServersTests */ = {
			isa = PBXNativeTarget;
			buildConfigurationList = 01660AE52626DA6B002A1D61 /* Build configuration list for PBXNativeTarget "ServersTests" */;
			buildPhases = (
				01660ACA2626DA6B002A1D61 /* Sources */,
				01660ACB2626DA6B002A1D61 /* Frameworks */,
				01660ACC2626DA6B002A1D61 /* Resources */,
			);
			buildRules = (
			);
			dependencies = (
				01660AD02626DA6B002A1D61 /* PBXTargetDependency */,
			);
			name = ServersTests;
			productName = ServersTests;
			productReference = 01660ACE2626DA6B002A1D61 /* ServersTests.xctest */;
			productType = "com.apple.product-type.bundle.unit-test";
		};
		01660AD82626DA6B002A1D61 /* ServersUITests */ = {
			isa = PBXNativeTarget;
			buildConfigurationList = 01660AE82626DA6B002A1D61 /* Build configuration list for PBXNativeTarget "ServersUITests" */;
			buildPhases = (
				01660AD52626DA6B002A1D61 /* Sources */,
				01660AD62626DA6B002A1D61 /* Frameworks */,
				01660AD72626DA6B002A1D61 /* Resources */,
			);
			buildRules = (
			);
			dependencies = (
				01660ADB2626DA6B002A1D61 /* PBXTargetDependency */,
			);
			name = ServersUITests;
			productName = ServersUITests;
			productReference = 01660AD92626DA6B002A1D61 /* ServersUITests.xctest */;
			productType = "com.apple.product-type.bundle.ui-testing";
		};
/* End PBXNativeTarget section */

/* Begin PBXProject section */
		01660AB02626DA68002A1D61 /* Project object */ = {
			isa = PBXProject;
			attributes = {
				LastSwiftUpdateCheck = 1240;
				LastUpgradeCheck = 1240;
				TargetAttributes = {
					01660AB72626DA68002A1D61 = {
						CreatedOnToolsVersion = 12.4;
					};
					01660ACD2626DA6B002A1D61 = {
						CreatedOnToolsVersion = 12.4;
						TestTargetID = 01660AB72626DA68002A1D61;
					};
					01660AD82626DA6B002A1D61 = {
						CreatedOnToolsVersion = 12.4;
						TestTargetID = 01660AB72626DA68002A1D61;
					};
				};
			};
			buildConfigurationList = 01660AB32626DA68002A1D61 /* Build configuration list for PBXProject "Servers" */;
			compatibilityVersion = "Xcode 9.3";
			developmentRegion = en;
			hasScannedForEncodings = 0;
			knownRegions = (
				en,
				Base,
			);
			mainGroup = 01660AAF2626DA68002A1D61;
			productRefGroup = 01660AB92626DA68002A1D61 /* Products */;
			projectDirPath = "";
			projectRoot = "";
			targets = (
				01660AB72626DA68002A1D61 /* Servers */,
				01660ACD2626DA6B002A1D61 /* ServersTests */,
				01660AD82626DA6B002A1D61 /* ServersUITests */,
			);
		};
/* End PBXProject section */

/* Begin PBXResourcesBuildPhase section */
		01660AB62626DA68002A1D61 /* Resources */ = {
			isa = PBXResourcesBuildPhase;
			buildActionMask = 2147483647;
			files = (
				01660AC82626DA6B002A1D61 /* LaunchScreen.storyboard in Resources */,
				01660AC52626DA6B002A1D61 /* Assets.xcassets in Resources */,
				01660AC32626DA68002A1D61 /* Main.storyboard in Resources */,
			);
			runOnlyForDeploymentPostprocessing = 0;
		};
		01660ACC2626DA6B002A1D61 /* Resources */ = {
			isa = PBXResourcesBuildPhase;
			buildActionMask = 2147483647;
			files = (
			);
			runOnlyForDeploymentPostprocessing = 0;
		};
		01660AD72626DA6B002A1D61 /* Resources */ = {
			isa = PBXResourcesBuildPhase;
			buildActionMask = 2147483647;
			files = (
			);
			runOnlyForDeploymentPostprocessing = 0;
		};
/* End PBXResourcesBuildPhase section */

/* Begin PBXSourcesBuildPhase section */
		01660AB42626DA68002A1D61 /* Sources */ = {
			isa = PBXSourcesBuildPhase;
			buildActionMask = 2147483647;
			files = (
				01660AC02626DA68002A1D61 /* ViewController.swift in Sources */,
				01660ABC2626DA68002A1D61 /* AppDelegate.swift in Sources */,
				01660ABE2626DA68002A1D61 /* SceneDelegate.swift in Sources */,
			);
			runOnlyForDeploymentPostprocessing = 0;
		};
		01660ACA2626DA6B002A1D61 /* Sources */ = {
			isa = PBXSourcesBuildPhase;
			buildActionMask = 2147483647;
			files = (
				01660AD32626DA6B002A1D61 /* ServersTests.swift in Sources */,
			);
			runOnlyForDeploymentPostprocessing = 0;
		};
		01660AD52626DA6B002A1D61 /* Sources */ = {
			isa = PBXSourcesBuildPhase;
			buildActionMask = 2147483647;
			files = (
				01660ADE2626DA6B002A1D61 /* ServersUITests.swift in Sources */,
			);
			runOnlyForDeploymentPostprocessing = 0;
		};
/* End PBXSourcesBuildPhase section */

/* Begin PBXTargetDependency section */
		01660AD02626DA6B002A1D61 /* PBXTargetDependency */ = {
			isa = PBXTargetDependency;
			target = 01660AB72626DA68002A1D61 /* Servers */;
			targetProxy = 01660ACF2626DA6B002A1D61 /* PBXContainerItemProxy */;
		};
		01660ADB2626DA6B002A1D61 /* PBXTargetDependency */ = {
			isa = PBXTargetDependency;
			target = 01660AB72626DA68002A1D61 /* Servers */;
			targetProxy = 01660ADA2626DA6B002A1D61 /* PBXContainerItemProxy */;
		};
/* End PBXTargetDependency section */

/* Begin PBXVariantGroup section */
		01660AC12626DA68002A1D61 /* Main.storyboard */ = {
			isa = PBXVariantGroup;
			children = (
				01660AC22626DA68002A1D61 /* Base */,
			);
			name = Main.storyboard;
			sourceTree = "<group>";
		};
		01660AC62626DA6B002A1D61 /* LaunchScreen.storyboard */ = {
			isa = PBXVariantGroup;
			children = (
				01660AC72626DA6B002A1D61 /* Base */,
			);
			name = LaunchScreen.storyboard;
			sourceTree = "<group>";
		};
/* End PBXVariantGroup section */

/* Begin XCBuildConfiguration section */
		01660AE02626DA6B002A1D61 /* Debug */ = {
			isa = XCBuildConfiguration;
			buildSettings = {
				ALWAYS_SEARCH_USER_PATHS = NO;
				CLANG_ANALYZER_NONNULL = YES;
				CLANG_ANALYZER_NUMBER_OBJECT_CONVERSION = YES_AGGRESSIVE;
				CLANG_CXX_LANGUAGE_STANDARD = "gnu++14";
				CLANG_CXX_LIBRARY = "libc++";
				CLANG_ENABLE_MODULES = YES;
				CLANG_ENABLE_OBJC_ARC = YES;
				CLANG_ENABLE_OBJC_WEAK = YES;
				CLANG_WARN_BLOCK_CAPTURE_AUTORELEASING = YES;
				CLANG_WARN_BOOL_CONVERSION = YES;
				CLANG_WARN_COMMA = YES;
				CLANG_WARN_CONSTANT_CONVERSION = YES;
				CLANG_WARN_DEPRECATED_OBJC_IMPLEMENTATIONS = YES;
				CLANG_WARN_DIRECT_OBJC_ISA_USAGE = YES_ERROR;
				CLANG_WARN_DOCUMENTATION_COMMENTS = YES;
				CLANG_WARN_EMPTY_BODY = YES;
				CLANG_WARN_ENUM_CONVERSION = YES;
				CLANG_WARN_INFINITE_RECURSION = YES;
				CLANG_WARN_INT_CONVERSION = YES;
				CLANG_WARN_NON_LITERAL_NULL_CONVERSION = YES;
				CLANG_WARN_OBJC_IMPLICIT_RETAIN_SELF = YES;
				CLANG_WARN_OBJC_LITERAL_CONVERSION = YES;
				CLANG_WARN_OBJC_ROOT_CLASS = YES_ERROR;
				CLANG_WARN_QUOTED_INCLUDE_IN_FRAMEWORK_HEADER = YES;
				CLANG_WARN_RANGE_LOOP_ANALYSIS = YES;
				CLANG_WARN_STRICT_PROTOTYPES = YES;
				CLANG_WARN_SUSPICIOUS_MOVE = YES;
				CLANG_WARN_UNGUARDED_AVAILABILITY = YES_AGGRESSIVE;
				CLANG_WARN_UNREACHABLE_CODE = YES;
				CLANG_WARN__DUPLICATE_METHOD_MATCH = YES;
				COPY_PHASE_STRIP = NO;
				DEBUG_INFORMATION_FORMAT = dwarf;
				ENABLE_STRICT_OBJC_MSGSEND = YES;
				ENABLE_TESTABILITY = YES;
				GCC_C_LANGUAGE_STANDARD = gnu11;
				GCC_DYNAMIC_NO_PIC = NO;
				GCC_NO_COMMON_BLOCKS = YES;
				GCC_OPTIMIZATION_LEVEL = 0;
				GCC_PREPROCESSOR_DEFINITIONS = (
					"DEBUG=1",
					"$(inherited)",
				);
				GCC_WARN_64_TO_32_BIT_CONVERSION = YES;
				GCC_WARN_ABOUT_RETURN_TYPE = YES_ERROR;
				GCC_WARN_UNDECLARED_SELECTOR = YES;
				GCC_WARN_UNINITIALIZED_AUTOS = YES_AGGRESSIVE;
				GCC_WARN_UNUSED_FUNCTION = YES;
				GCC_WARN_UNUSED_VARIABLE = YES;
				IPHONEOS_DEPLOYMENT_TARGET = 14.4;
				MTL_ENABLE_DEBUG_INFO = INCLUDE_SOURCE;
				MTL_FAST_MATH = YES;
				ONLY_ACTIVE_ARCH = YES;
				SDKROOT = iphoneos;
				SWIFT_ACTIVE_COMPILATION_CONDITIONS = DEBUG;
				SWIFT_OPTIMIZATION_LEVEL = "-Onone";
			};
			name = Debug;
		};
		01660AE12626DA6B002A1D61 /* Release */ = {
			isa = XCBuildConfiguration;
			buildSettings = {
				ALWAYS_SEARCH_USER_PATHS = NO;
				CLANG_ANALYZER_NONNULL = YES;
				CLANG_ANALYZER_NUMBER_OBJECT_CONVERSION = YES_AGGRESSIVE;
				CLANG_CXX_LANGUAGE_STANDARD = "gnu++14";
				CLANG_CXX_LIBRARY = "libc++";
				CLANG_ENABLE_MODULES = YES;
				CLANG_ENABLE_OBJC_ARC = YES;
				CLANG_ENABLE_OBJC_WEAK = YES;
				CLANG_WARN_BLOCK_CAPTURE_AUTORELEASING = YES;
				CLANG_WARN_BOOL_CONVERSION = YES;
				CLANG_WARN_COMMA = YES;
				CLANG_WARN_CONSTANT_CONVERSION = YES;
				CLANG_WARN_DEPRECATED_OBJC_IMPLEMENTATIONS = YES;
				CLANG_WARN_DIRECT_OBJC_ISA_USAGE = YES_ERROR;
				CLANG_WARN_DOCUMENTATION_COMMENTS = YES;
				CLANG_WARN_EMPTY_BODY = YES;
				CLANG_WARN_ENUM_CONVERSION = YES;
				CLANG_WARN_INFINITE_RECURSION = YES;
				CLANG_WARN_INT_CONVERSION = YES;
				CLANG_WARN_NON_LITERAL_NULL_CONVERSION = YES;
				CLANG_WARN_OBJC_IMPLICIT_RETAIN_SELF = YES;
				CLANG_WARN_OBJC_LITERAL_CONVERSION = YES;
				CLANG_WARN_OBJC_ROOT_CLASS = YES_ERROR;
				CLANG_WARN_QUOTED_INCLUDE_IN_FRAMEWORK_HEADER = YES;
				CLANG_WARN_RANGE_LOOP_ANALYSIS = YES;
				CLANG_WARN_STRICT_PROTOTYPES = YES;
				CLANG_WARN_SUSPICIOUS_MOVE = YES;
				CLANG_WARN_UNGUARDED_AVAILABILITY = YES_AGGRESSIVE;
				CLANG_WARN_UNREACHABLE_CODE = YES;
				CLANG_WARN__DUPLICATE_METHOD_MATCH = YES;
				COPY_PHASE_STRIP = NO;
				DEBUG_INFORMATION_FORMAT = "dwarf-with-dsym";
				ENABLE_NS_ASSERTIONS = NO;
				ENABLE_STRICT_OBJC_MSGSEND = YES;
				GCC_C_LANGUAGE_STANDARD = gnu11;
				GCC_NO_COMMON_BLOCKS = YES;
				GCC_WARN_64_TO_32_BIT_CONVERSION = YES;
				GCC_WARN_ABOUT_RETURN_TYPE = YES_ERROR;
				GCC_WARN_UNDECLARED_SELECTOR = YES;
				GCC_WARN_UNINITIALIZED_AUTOS = YES_AGGRESSIVE;
				GCC_WARN_UNUSED_FUNCTION = YES;
				GCC_WARN_UNUSED_VARIABLE = YES;
				IPHONEOS_DEPLOYMENT_TARGET = 14.4;
				MTL_ENABLE_DEBUG_INFO = NO;
				MTL_FAST_MATH = YES;
				SDKROOT = iphoneos;
				SWIFT_COMPILATION_MODE = wholemodule;
				SWIFT_OPTIMIZATION_LEVEL = "-O";
				VALIDATE_PRODUCT = YES;
			};
			name = Release;
		};
		01660AE32626DA6B002A1D61 /* Debug */ = {
			isa = XCBuildConfiguration;
			buildSettings = {
				ASSETCATALOG_COMPILER_APPICON_NAME = AppIcon;
				ASSETCATALOG_COMPILER_GLOBAL_ACCENT_COLOR_NAME = AccentColor;
				CODE_SIGN_STYLE = Automatic;
				DEVELOPMENT_TEAM = GC8QRTNL7U;
				INFOPLIST_FILE = Servers/Info.plist;
				LD_RUNPATH_SEARCH_PATHS = (
					"$(inherited)",
					"@executable_path/Frameworks",
				);
				PRODUCT_BUNDLE_IDENTIFIER = com.khodzhaiev.Servers;
				PRODUCT_NAME = "$(TARGET_NAME)";
				SWIFT_VERSION = 5.0;
				TARGETED_DEVICE_FAMILY = "1,2";
			};
			name = Debug;
		};
		01660AE42626DA6B002A1D61 /* Release */ = {
			isa = XCBuildConfiguration;
			buildSettings = {
				ASSETCATALOG_COMPILER_APPICON_NAME = AppIcon;
				ASSETCATALOG_COMPILER_GLOBAL_ACCENT_COLOR_NAME = AccentColor;
				CODE_SIGN_STYLE = Automatic;
				DEVELOPMENT_TEAM = GC8QRTNL7U;
				INFOPLIST_FILE = Servers/Info.plist;
				LD_RUNPATH_SEARCH_PATHS = (
					"$(inherited)",
					"@executable_path/Frameworks",
				);
				PRODUCT_BUNDLE_IDENTIFIER = com.khodzhaiev.Servers;
				PRODUCT_NAME = "$(TARGET_NAME)";
				SWIFT_VERSION = 5.0;
				TARGETED_DEVICE_FAMILY = "1,2";
			};
			name = Release;
		};
		01660AE62626DA6B002A1D61 /* Debug */ = {
			isa = XCBuildConfiguration;
			buildSettings = {
				ALWAYS_EMBED_SWIFT_STANDARD_LIBRARIES = YES;
				BUNDLE_LOADER = "$(TEST_HOST)";
				CODE_SIGN_STYLE = Automatic;
				DEVELOPMENT_TEAM = GC8QRTNL7U;
				INFOPLIST_FILE = ServersTests/Info.plist;
				IPHONEOS_DEPLOYMENT_TARGET = 14.4;
				LD_RUNPATH_SEARCH_PATHS = (
					"$(inherited)",
					"@executable_path/Frameworks",
					"@loader_path/Frameworks",
				);
				PRODUCT_BUNDLE_IDENTIFIER = com.khodzhaiev.ServersTests;
				PRODUCT_NAME = "$(TARGET_NAME)";
				SWIFT_VERSION = 5.0;
				TARGETED_DEVICE_FAMILY = "1,2";
				TEST_HOST = "$(BUILT_PRODUCTS_DIR)/Servers.app/Servers";
			};
			name = Debug;
		};
		01660AE72626DA6B002A1D61 /* Release */ = {
			isa = XCBuildConfiguration;
			buildSettings = {
				ALWAYS_EMBED_SWIFT_STANDARD_LIBRARIES = YES;
				BUNDLE_LOADER = "$(TEST_HOST)";
				CODE_SIGN_STYLE = Automatic;
				DEVELOPMENT_TEAM = GC8QRTNL7U;
				INFOPLIST_FILE = ServersTests/Info.plist;
				IPHONEOS_DEPLOYMENT_TARGET = 14.4;
				LD_RUNPATH_SEARCH_PATHS = (
					"$(inherited)",
					"@executable_path/Frameworks",
					"@loader_path/Frameworks",
				);
				PRODUCT_BUNDLE_IDENTIFIER = com.khodzhaiev.ServersTests;
				PRODUCT_NAME = "$(TARGET_NAME)";
				SWIFT_VERSION = 5.0;
				TARGETED_DEVICE_FAMILY = "1,2";
				TEST_HOST = "$(BUILT_PRODUCTS_DIR)/Servers.app/Servers";
			};
			name = Release;
		};
		01660AE92626DA6B002A1D61 /* Debug */ = {
			isa = XCBuildConfiguration;
			buildSettings = {
				ALWAYS_EMBED_SWIFT_STANDARD_LIBRARIES = YES;
				CODE_SIGN_STYLE = Automatic;
				DEVELOPMENT_TEAM = GC8QRTNL7U;
				INFOPLIST_FILE = ServersUITests/Info.plist;
				LD_RUNPATH_SEARCH_PATHS = (
					"$(inherited)",
					"@executable_path/Frameworks",
					"@loader_path/Frameworks",
				);
				PRODUCT_BUNDLE_IDENTIFIER = com.khodzhaiev.ServersUITests;
				PRODUCT_NAME = "$(TARGET_NAME)";
				SWIFT_VERSION = 5.0;
				TARGETED_DEVICE_FAMILY = "1,2";
				TEST_TARGET_NAME = Servers;
			};
			name = Debug;
		};
		01660AEA2626DA6B002A1D61 /* Release */ = {
			isa = XCBuildConfiguration;
			buildSettings = {
				ALWAYS_EMBED_SWIFT_STANDARD_LIBRARIES = YES;
				CODE_SIGN_STYLE = Automatic;
				DEVELOPMENT_TEAM = GC8QRTNL7U;
				INFOPLIST_FILE = ServersUITests/Info.plist;
				LD_RUNPATH_SEARCH_PATHS = (
					"$(inherited)",
					"@executable_path/Frameworks",
					"@loader_path/Frameworks",
				);
				PRODUCT_BUNDLE_IDENTIFIER = com.khodzhaiev.ServersUITests;
				PRODUCT_NAME = "$(TARGET_NAME)";
				SWIFT_VERSION = 5.0;
				TARGETED_DEVICE_FAMILY = "1,2";
				TEST_TARGET_NAME = Servers;
			};
			name = Release;
		};
/* End XCBuildConfiguration section */

/* Begin XCConfigurationList section */
		01660AB32626DA68002A1D61 /* Build configuration list for PBXProject "Servers" */ = {
			isa = XCConfigurationList;
			buildConfigurations = (
				01660AE02626DA6B002A1D61 /* Debug */,
				01660AE12626DA6B002A1D61 /* Release */,
			);
			defaultConfigurationIsVisible = 0;
			defaultConfigurationName = Release;
		};
		01660AE22626DA6B002A1D61 /* Build configuration list for PBXNativeTarget "Servers" */ = {
			isa = XCConfigurationList;
			buildConfigurations = (
				01660AE32626DA6B002A1D61 /* Debug */,
				01660AE42626DA6B002A1D61 /* Release */,
			);
			defaultConfigurationIsVisible = 0;
			defaultConfigurationName = Release;
		};
		01660AE52626DA6B002A1D61 /* Build configuration list for PBXNativeTarget "ServersTests" */ = {
			isa = XCConfigurationList;
			buildConfigurations = (
				01660AE62626DA6B002A1D61 /* Debug */,
				01660AE72626DA6B002A1D61 /* Release */,
			);
			defaultConfigurationIsVisible = 0;
			defaultConfigurationName = Release;
		};
		01660AE82626DA6B002A1D61 /* Build configuration list for PBXNativeTarget "ServersUITests" */ = {
			isa = XCConfigurationList;
			buildConfigurations = (
				01660AE92626DA6B002A1D61 /* Debug */,
				01660AEA2626DA6B002A1D61 /* Release */,
			);
			defaultConfigurationIsVisible = 0;
			defaultConfigurationName = Release;
		};
/* End XCConfigurationList section */
	};
	rootObject = 01660AB02626DA68002A1D61 /* Project object */;
}
